
Microsoft Visual Studio Solution File, Format Version 12.00
# Visual Studio Version 17
VisualStudioVersion = 17.5.002.0
MinimumVisualStudioVersion = 10.0.40219.1
Project("{9A19103F-16F7-4668-BE54-9A1E7A4F7556}") = "SqlViewGeneratorTests", "test\SqlViewGeneratorTests\SqlViewGeneratorTests.csproj", "{1F592B34-C8B1-4277-984E-DDB74AC53F0E}"
EndProject
Project("{2150E333-8FDC-42A3-9474-1A3956D46DE8}") = "src", "src", "{739AB26D-FA21-42E5-985A-156FC989591C}"
EndProject
Project("{2150E333-8FDC-42A3-9474-1A3956D46DE8}") = "test", "test", "{C1BBA08F-C8AA-41C5-9467-44C2259E700E}"
EndProject
Project("{2150E333-8FDC-42A3-9474-1A3956D46DE8}") = "Modules", "Modules", "{B4CFB5D6-C3B2-407C-AFCD-53AFD8CDDDB4}"
EndProject
Project("{2150E333-8FDC-42A3-9474-1A3956D46DE8}") = "Common", "Common", "{DE9391C3-06B2-4AD7-B56A-1E73D6EE0E75}"
EndProject
Project("{2150E333-8FDC-42A3-9474-1A3956D46DE8}") = "DataIntegration", "DataIntegration", "{22D402DD-1D61-4EDE-8F79-5EA1CB3A5662}"
EndProject
Project("{2150E333-8FDC-42A3-9474-1A3956D46DE8}") = "Deployment", "Deployment", "{D46FFDE1-39B5-4C8D-B9DD-FE08AC694CF5}"
EndProject
Project("{2150E333-8FDC-42A3-9474-1A3956D46DE8}") = "Notifications", "Notifications", "{8304362F-004B-4C58-8C78-909B64618982}"
EndProject
Project("{2150E333-8FDC-42A3-9474-1A3956D46DE8}") = "Users", "Users", "{B7FD84A2-BF89-48CC-9700-72B6D912B0FC}"
EndProject
Project("{9A19103F-16F7-4668-BE54-9A1E7A4F7556}") = "ManagamentApp", "src\ManagamentApp\ManagamentApp.csproj", "{9958990A-D66F-4537-B302-0848F0090780}"
EndProject
Project("{9A19103F-16F7-4668-BE54-9A1E7A4F7556}") = "Domain", "src\Common\Domain\Domain.csproj", "{A3A4D91F-7882-4AB2-B1BB-4EE4B45E3BA2}"
EndProject
Project("{9A19103F-16F7-4668-BE54-9A1E7A4F7556}") = "Application", "src\Common\Application\Application.csproj", "{601CFF6C-3F5A-4C0D-AAF2-6C5CDCDCC018}"
EndProject
Project("{9A19103F-16F7-4668-BE54-9A1E7A4F7556}") = "Application.Contracts", "src\Common\Application.Contracts\Application.Contracts.csproj", "{F1FC38E4-D94E-480E-8122-1806652B79B7}"
EndProject
Project("{9A19103F-16F7-4668-BE54-9A1E7A4F7556}") = "Infrastructure", "src\Common\Infrastructure\Infrastructure.csproj", "{2EC9390D-4DC6-4C86-860D-FC5E86C77C93}"
EndProject
Project("{9A19103F-16F7-4668-BE54-9A1E7A4F7556}") = "Persistence", "src\Common\Persistence\Persistence.csproj", "{AA2B0127-7CAF-4C52-BD3C-D39BDDAA464B}"
EndProject
Project("{9A19103F-16F7-4668-BE54-9A1E7A4F7556}") = "Shared", "src\Common\Shared\Shared.csproj", "{EBA26DAC-5A17-49C0-8E3D-99EA3B375A39}"
EndProject
Project("{9A19103F-16F7-4668-BE54-9A1E7A4F7556}") = "MapperPages", "src\Modules\DataIntegration\MapperPages\MapperPages.csproj", "{27B1640F-8AEE-4000-A99D-B4C4255AF14A}"
EndProject
Project("{9A19103F-16F7-4668-BE54-9A1E7A4F7556}") = "Domain", "src\Modules\Users\Domain\Domain.csproj", "{E4304B76-B58A-4834-B77C-396073797A7B}"
EndProject
Project("{9A19103F-16F7-4668-BE54-9A1E7A4F7556}") = "Api", "src\Modules\Users\Api\Api.csproj", "{B1706391-8805-498B-9523-BA48E21F1B7F}"
EndProject
Project("{9A19103F-16F7-4668-BE54-9A1E7A4F7556}") = "Domain", "src\Modules\DataIntegration\Domain\Domain.csproj", "{BC15D466-B253-46AA-9C6A-A19E774D296D}"
EndProject
Project("{9A19103F-16F7-4668-BE54-9A1E7A4F7556}") = "Api", "src\Modules\DataIntegration\Api\Api.csproj", "{36F2E87F-D422-42B1-8307-DE117398B6F7}"
EndProject
Project("{9A19103F-16F7-4668-BE54-9A1E7A4F7556}") = "SqlViewGenerator", "src\Modules\DataIntegration\SqlViewGenerator\SqlViewGenerator.csproj", "{548C6D6E-A458-4F7F-A0A4-9357FD2EAA76}"
EndProject
Global
	GlobalSection(SolutionConfigurationPlatforms) = preSolution
		Debug|Any CPU = Debug|Any CPU
		Release|Any CPU = Release|Any CPU
	EndGlobalSection
	GlobalSection(ProjectConfigurationPlatforms) = postSolution
		{1F592B34-C8B1-4277-984E-DDB74AC53F0E}.Debug|Any CPU.ActiveCfg = Debug|Any CPU
		{1F592B34-C8B1-4277-984E-DDB74AC53F0E}.Debug|Any CPU.Build.0 = Debug|Any CPU
		{1F592B34-C8B1-4277-984E-DDB74AC53F0E}.Release|Any CPU.ActiveCfg = Release|Any CPU
		{1F592B34-C8B1-4277-984E-DDB74AC53F0E}.Release|Any CPU.Build.0 = Release|Any CPU
		{9958990A-D66F-4537-B302-0848F0090780}.Debug|Any CPU.ActiveCfg = Debug|Any CPU
		{9958990A-D66F-4537-B302-0848F0090780}.Debug|Any CPU.Build.0 = Debug|Any CPU
		{9958990A-D66F-4537-B302-0848F0090780}.Release|Any CPU.ActiveCfg = Release|Any CPU
		{9958990A-D66F-4537-B302-0848F0090780}.Release|Any CPU.Build.0 = Release|Any CPU
		{A3A4D91F-7882-4AB2-B1BB-4EE4B45E3BA2}.Debug|Any CPU.ActiveCfg = Debug|Any CPU
		{A3A4D91F-7882-4AB2-B1BB-4EE4B45E3BA2}.Debug|Any CPU.Build.0 = Debug|Any CPU
		{A3A4D91F-7882-4AB2-B1BB-4EE4B45E3BA2}.Release|Any CPU.ActiveCfg = Release|Any CPU
		{A3A4D91F-7882-4AB2-B1BB-4EE4B45E3BA2}.Release|Any CPU.Build.0 = Release|Any CPU
		{601CFF6C-3F5A-4C0D-AAF2-6C5CDCDCC018}.Debug|Any CPU.ActiveCfg = Debug|Any CPU
		{601CFF6C-3F5A-4C0D-AAF2-6C5CDCDCC018}.Debug|Any CPU.Build.0 = Debug|Any CPU
		{601CFF6C-3F5A-4C0D-AAF2-6C5CDCDCC018}.Release|Any CPU.ActiveCfg = Release|Any CPU
		{601CFF6C-3F5A-4C0D-AAF2-6C5CDCDCC018}.Release|Any CPU.Build.0 = Release|Any CPU
		{F1FC38E4-D94E-480E-8122-1806652B79B7}.Debug|Any CPU.ActiveCfg = Debug|Any CPU
		{F1FC38E4-D94E-480E-8122-1806652B79B7}.Debug|Any CPU.Build.0 = Debug|Any CPU
		{F1FC38E4-D94E-480E-8122-1806652B79B7}.Release|Any CPU.ActiveCfg = Release|Any CPU
		{F1FC38E4-D94E-480E-8122-1806652B79B7}.Release|Any CPU.Build.0 = Release|Any CPU
		{2EC9390D-4DC6-4C86-860D-FC5E86C77C93}.Debug|Any CPU.ActiveCfg = Debug|Any CPU
		{2EC9390D-4DC6-4C86-860D-FC5E86C77C93}.Debug|Any CPU.Build.0 = Debug|Any CPU
		{2EC9390D-4DC6-4C86-860D-FC5E86C77C93}.Release|Any CPU.ActiveCfg = Release|Any CPU
		{2EC9390D-4DC6-4C86-860D-FC5E86C77C93}.Release|Any CPU.Build.0 = Release|Any CPU
		{AA2B0127-7CAF-4C52-BD3C-D39BDDAA464B}.Debug|Any CPU.ActiveCfg = Debug|Any CPU
		{AA2B0127-7CAF-4C52-BD3C-D39BDDAA464B}.Debug|Any CPU.Build.0 = Debug|Any CPU
		{AA2B0127-7CAF-4C52-BD3C-D39BDDAA464B}.Release|Any CPU.ActiveCfg = Release|Any CPU
		{AA2B0127-7CAF-4C52-BD3C-D39BDDAA464B}.Release|Any CPU.Build.0 = Release|Any CPU
		{EBA26DAC-5A17-49C0-8E3D-99EA3B375A39}.Debug|Any CPU.ActiveCfg = Debug|Any CPU
		{EBA26DAC-5A17-49C0-8E3D-99EA3B375A39}.Debug|Any CPU.Build.0 = Debug|Any CPU
		{EBA26DAC-5A17-49C0-8E3D-99EA3B375A39}.Release|Any CPU.ActiveCfg = Release|Any CPU
		{EBA26DAC-5A17-49C0-8E3D-99EA3B375A39}.Release|Any CPU.Build.0 = Release|Any CPU
		{27B1640F-8AEE-4000-A99D-B4C4255AF14A}.Debug|Any CPU.ActiveCfg = Debug|Any CPU
		{27B1640F-8AEE-4000-A99D-B4C4255AF14A}.Debug|Any CPU.Build.0 = Debug|Any CPU
		{27B1640F-8AEE-4000-A99D-B4C4255AF14A}.Release|Any CPU.ActiveCfg = Release|Any CPU
		{27B1640F-8AEE-4000-A99D-B4C4255AF14A}.Release|Any CPU.Build.0 = Release|Any CPU
		{E4304B76-B58A-4834-B77C-396073797A7B}.Debug|Any CPU.ActiveCfg = Debug|Any CPU
		{E4304B76-B58A-4834-B77C-396073797A7B}.Debug|Any CPU.Build.0 = Debug|Any CPU
		{E4304B76-B58A-4834-B77C-396073797A7B}.Release|Any CPU.ActiveCfg = Release|Any CPU
		{E4304B76-B58A-4834-B77C-396073797A7B}.Release|Any CPU.Build.0 = Release|Any CPU
		{B1706391-8805-498B-9523-BA48E21F1B7F}.Debug|Any CPU.ActiveCfg = Debug|Any CPU
		{B1706391-8805-498B-9523-BA48E21F1B7F}.Debug|Any CPU.Build.0 = Debug|Any CPU
		{B1706391-8805-498B-9523-BA48E21F1B7F}.Release|Any CPU.ActiveCfg = Release|Any CPU
		{B1706391-8805-498B-9523-BA48E21F1B7F}.Release|Any CPU.Build.0 = Release|Any CPU
		{BC15D466-B253-46AA-9C6A-A19E774D296D}.Debug|Any CPU.ActiveCfg = Debug|Any CPU
		{BC15D466-B253-46AA-9C6A-A19E774D296D}.Debug|Any CPU.Build.0 = Debug|Any CPU
		{BC15D466-B253-46AA-9C6A-A19E774D296D}.Release|Any CPU.ActiveCfg = Release|Any CPU
		{BC15D466-B253-46AA-9C6A-A19E774D296D}.Release|Any CPU.Build.0 = Release|Any CPU
		{36F2E87F-D422-42B1-8307-DE117398B6F7}.Debug|Any CPU.ActiveCfg = Debug|Any CPU
		{36F2E87F-D422-42B1-8307-DE117398B6F7}.Debug|Any CPU.Build.0 = Debug|Any CPU
		{36F2E87F-D422-42B1-8307-DE117398B6F7}.Release|Any CPU.ActiveCfg = Release|Any CPU
		{36F2E87F-D422-42B1-8307-DE117398B6F7}.Release|Any CPU.Build.0 = Release|Any CPU
		{548C6D6E-A458-4F7F-A0A4-9357FD2EAA76}.Debug|Any CPU.ActiveCfg = Debug|Any CPU
		{548C6D6E-A458-4F7F-A0A4-9357FD2EAA76}.Debug|Any CPU.Build.0 = Debug|Any CPU
		{548C6D6E-A458-4F7F-A0A4-9357FD2EAA76}.Release|Any CPU.ActiveCfg = Release|Any CPU
		{548C6D6E-A458-4F7F-A0A4-9357FD2EAA76}.Release|Any CPU.Build.0 = Release|Any CPU
	EndGlobalSection
	GlobalSection(SolutionProperties) = preSolution
		HideSolutionNode = FALSE
	EndGlobalSection
	GlobalSection(NestedProjects) = preSolution
		{1F592B34-C8B1-4277-984E-DDB74AC53F0E} = {C1BBA08F-C8AA-41C5-9467-44C2259E700E}
		{B4CFB5D6-C3B2-407C-AFCD-53AFD8CDDDB4} = {739AB26D-FA21-42E5-985A-156FC989591C}
		{DE9391C3-06B2-4AD7-B56A-1E73D6EE0E75} = {739AB26D-FA21-42E5-985A-156FC989591C}
		{22D402DD-1D61-4EDE-8F79-5EA1CB3A5662} = {B4CFB5D6-C3B2-407C-AFCD-53AFD8CDDDB4}
		{D46FFDE1-39B5-4C8D-B9DD-FE08AC694CF5} = {B4CFB5D6-C3B2-407C-AFCD-53AFD8CDDDB4}
		{8304362F-004B-4C58-8C78-909B64618982} = {B4CFB5D6-C3B2-407C-AFCD-53AFD8CDDDB4}
		{B7FD84A2-BF89-48CC-9700-72B6D912B0FC} = {B4CFB5D6-C3B2-407C-AFCD-53AFD8CDDDB4}
		{9958990A-D66F-4537-B302-0848F0090780} = {739AB26D-FA21-42E5-985A-156FC989591C}
		{A3A4D91F-7882-4AB2-B1BB-4EE4B45E3BA2} = {DE9391C3-06B2-4AD7-B56A-1E73D6EE0E75}
		{601CFF6C-3F5A-4C0D-AAF2-6C5CDCDCC018} = {DE9391C3-06B2-4AD7-B56A-1E73D6EE0E75}
		{F1FC38E4-D94E-480E-8122-1806652B79B7} = {DE9391C3-06B2-4AD7-B56A-1E73D6EE0E75}
		{2EC9390D-4DC6-4C86-860D-FC5E86C77C93} = {DE9391C3-06B2-4AD7-B56A-1E73D6EE0E75}
		{AA2B0127-7CAF-4C52-BD3C-D39BDDAA464B} = {DE9391C3-06B2-4AD7-B56A-1E73D6EE0E75}
		{EBA26DAC-5A17-49C0-8E3D-99EA3B375A39} = {DE9391C3-06B2-4AD7-B56A-1E73D6EE0E75}
		{27B1640F-8AEE-4000-A99D-B4C4255AF14A} = {22D402DD-1D61-4EDE-8F79-5EA1CB3A5662}
		{E4304B76-B58A-4834-B77C-396073797A7B} = {B7FD84A2-BF89-48CC-9700-72B6D912B0FC}
		{B1706391-8805-498B-9523-BA48E21F1B7F} = {B7FD84A2-BF89-48CC-9700-72B6D912B0FC}
		{BC15D466-B253-46AA-9C6A-A19E774D296D} = {22D402DD-1D61-4EDE-8F79-5EA1CB3A5662}
		{36F2E87F-D422-42B1-8307-DE117398B6F7} = {22D402DD-1D61-4EDE-8F79-5EA1CB3A5662}
		{548C6D6E-A458-4F7F-A0A4-9357FD2EAA76} = {22D402DD-1D61-4EDE-8F79-5EA1CB3A5662}
	EndGlobalSection
	GlobalSection(ExtensibilityGlobals) = postSolution
		SolutionGuid = {1954CCB7-4EB5-4651-9A8A-1FE50A343FE4}
	EndGlobalSection
EndGlobal
